// !$*UTF8*$!
{
	archiveVersion = 1;
	classes = {
	};
	objectVersion = 46;
	objects = {

/* Begin PBXBuildFile section */
		6DDEC43B1804C513009A210E /* Foundation.framework in Frameworks */ = {isa = PBXBuildFile; fileRef = 6DDEC43A1804C513009A210E /* Foundation.framework */; };
		6DDEC43D1804C513009A210E /* CoreGraphics.framework in Frameworks */ = {isa = PBXBuildFile; fileRef = 6DDEC43C1804C513009A210E /* CoreGraphics.framework */; };
		6DDEC43F1804C513009A210E /* UIKit.framework in Frameworks */ = {isa = PBXBuildFile; fileRef = 6DDEC43E1804C513009A210E /* UIKit.framework */; };
		6DDEC4411804C513009A210E /* CoreData.framework in Frameworks */ = {isa = PBXBuildFile; fileRef = 6DDEC4401804C513009A210E /* CoreData.framework */; };
		6DDEC4471804C513009A210E /* InfoPlist.strings in Resources */ = {isa = PBXBuildFile; fileRef = 6DDEC4451804C513009A210E /* InfoPlist.strings */; };
		6DDEC4491804C513009A210E /* main.m in Sources */ = {isa = PBXBuildFile; fileRef = 6DDEC4481804C513009A210E /* main.m */; };
		6DDEC44D1804C513009A210E /* AppDelegate.m in Sources */ = {isa = PBXBuildFile; fileRef = 6DDEC44C1804C513009A210E /* AppDelegate.m */; };
		6DDEC4501804C513009A210E /* Project.xcdatamodeld in Sources */ = {isa = PBXBuildFile; fileRef = 6DDEC44E1804C513009A210E /* Project.xcdatamodeld */; };
		6DDEC4521804C513009A210E /* Images.xcassets in Resources */ = {isa = PBXBuildFile; fileRef = 6DDEC4511804C513009A210E /* Images.xcassets */; };
		6DDEC4591804C513009A210E /* XCTest.framework in Frameworks */ = {isa = PBXBuildFile; fileRef = 6DDEC4581804C513009A210E /* XCTest.framework */; };
		6DDEC45A1804C513009A210E /* Foundation.framework in Frameworks */ = {isa = PBXBuildFile; fileRef = 6DDEC43A1804C513009A210E /* Foundation.framework */; };
		6DDEC45B1804C513009A210E /* UIKit.framework in Frameworks */ = {isa = PBXBuildFile; fileRef = 6DDEC43E1804C513009A210E /* UIKit.framework */; };
		6DDEC45C1804C513009A210E /* CoreData.framework in Frameworks */ = {isa = PBXBuildFile; fileRef = 6DDEC4401804C513009A210E /* CoreData.framework */; };
		6DDEC4641804C513009A210E /* InfoPlist.strings in Resources */ = {isa = PBXBuildFile; fileRef = 6DDEC4621804C513009A210E /* InfoPlist.strings */; };
		6DDEC4661804C513009A210E /* ProjectTests.m in Sources */ = {isa = PBXBuildFile; fileRef = 6DDEC4651804C513009A210E /* ProjectTests.m */; };
/* End PBXBuildFile section */

/* Begin PBXContainerItemProxy section */
		6DDEC45D1804C513009A210E /* PBXContainerItemProxy */ = {
			isa = PBXContainerItemProxy;
			containerPortal = 6DDEC42F1804C513009A210E /* Project object */;
			proxyType = 1;
			remoteGlobalIDString = 6DDEC4361804C513009A210E;
			remoteInfo = Project;
		};
/* End PBXContainerItemProxy section */

/* Begin PBXFileReference section */
		6DDEC4371804C513009A210E /* Project.app */ = {isa = PBXFileReference; explicitFileType = wrapper.application; includeInIndex = 0; path = Project.app; sourceTree = BUILT_PRODUCTS_DIR; };
		6DDEC43A1804C513009A210E /* Foundation.framework */ = {isa = PBXFileReference; lastKnownFileType = wrapper.framework; name = Foundation.framework; path = System/Library/Frameworks/Foundation.framework; sourceTree = SDKROOT; };
		6DDEC43C1804C513009A210E /* CoreGraphics.framework */ = {isa = PBXFileReference; lastKnownFileType = wrapper.framework; name = CoreGraphics.framework; path = System/Library/Frameworks/CoreGraphics.framework; sourceTree = SDKROOT; };
		6DDEC43E1804C513009A210E /* UIKit.framework */ = {isa = PBXFileReference; lastKnownFileType = wrapper.framework; name = UIKit.framework; path = System/Library/Frameworks/UIKit.framework; sourceTree = SDKROOT; };
		6DDEC4401804C513009A210E /* CoreData.framework */ = {isa = PBXFileReference; lastKnownFileType = wrapper.framework; name = CoreData.framework; path = System/Library/Frameworks/CoreData.framework; sourceTree = SDKROOT; };
		6DDEC4441804C513009A210E /* Project-Info.plist */ = {isa = PBXFileReference; lastKnownFileType = text.plist.xml; path = "Project-Info.plist"; sourceTree = "<group>"; };
		6DDEC4461804C513009A210E /* en */ = {isa = PBXFileReference; lastKnownFileType = text.plist.strings; name = en; path = en.lproj/InfoPlist.strings; sourceTree = "<group>"; };
		6DDEC4481804C513009A210E /* main.m */ = {isa = PBXFileReference; lastKnownFileType = sourcecode.c.objc; path = main.m; sourceTree = "<group>"; };
		6DDEC44A1804C513009A210E /* Project-Prefix.pch */ = {isa = PBXFileReference; lastKnownFileType = sourcecode.c.h; path = "Project-Prefix.pch"; sourceTree = "<group>"; };
		6DDEC44B1804C513009A210E /* AppDelegate.h */ = {isa = PBXFileReference; lastKnownFileType = sourcecode.c.h; path = AppDelegate.h; sourceTree = "<group>"; };
		6DDEC44C1804C513009A210E /* AppDelegate.m */ = {isa = PBXFileReference; lastKnownFileType = sourcecode.c.objc; path = AppDelegate.m; sourceTree = "<group>"; };
		6DDEC44F1804C513009A210E /* Project.xcdatamodel */ = {isa = PBXFileReference; lastKnownFileType = wrapper.xcdatamodel; path = Project.xcdatamodel; sourceTree = "<group>"; };
		6DDEC4511804C513009A210E /* Images.xcassets */ = {isa = PBXFileReference; lastKnownFileType = folder.assetcatalog; path = Images.xcassets; sourceTree = "<group>"; };
		6DDEC4571804C513009A210E /* ProjectTests.xctest */ = {isa = PBXFileReference; explicitFileType = wrapper.cfbundle; includeInIndex = 0; path = ProjectTests.xctest; sourceTree = BUILT_PRODUCTS_DIR; };
		6DDEC4581804C513009A210E /* XCTest.framework */ = {isa = PBXFileReference; lastKnownFileType = wrapper.framework; name = XCTest.framework; path = Library/Frameworks/XCTest.framework; sourceTree = DEVELOPER_DIR; };
		6DDEC4611804C513009A210E /* ProjectTests-Info.plist */ = {isa = PBXFileReference; lastKnownFileType = text.plist.xml; path = "ProjectTests-Info.plist"; sourceTree = "<group>"; };
		6DDEC4631804C513009A210E /* en */ = {isa = PBXFileReference; lastKnownFileType = text.plist.strings; name = en; path = en.lproj/InfoPlist.strings; sourceTree = "<group>"; };
		6DDEC4651804C513009A210E /* ProjectTests.m */ = {isa = PBXFileReference; lastKnownFileType = sourcecode.c.objc; path = ProjectTests.m; sourceTree = "<group>"; };
/* End PBXFileReference section */

/* Begin PBXFrameworksBuildPhase section */
		6DDEC4341804C513009A210E /* Frameworks */ = {
			isa = PBXFrameworksBuildPhase;
			buildActionMask = 2147483647;
			files = (
				6DDEC43D1804C513009A210E /* CoreGraphics.framework in Frameworks */,
				6DDEC4411804C513009A210E /* CoreData.framework in Frameworks */,
				6DDEC43F1804C513009A210E /* UIKit.framework in Frameworks */,
				6DDEC43B1804C513009A210E /* Foundation.framework in Frameworks */,
			);
			runOnlyForDeploymentPostprocessing = 0;
		};
		6DDEC4541804C513009A210E /* Frameworks */ = {
			isa = PBXFrameworksBuildPhase;
			buildActionMask = 2147483647;
			files = (
				6DDEC4591804C513009A210E /* XCTest.framework in Frameworks */,
				6DDEC45C1804C513009A210E /* CoreData.framework in Frameworks */,
				6DDEC45B1804C513009A210E /* UIKit.framework in Frameworks */,
				6DDEC45A1804C513009A210E /* Foundation.framework in Frameworks */,
			);
			runOnlyForDeploymentPostprocessing = 0;
		};
/* End PBXFrameworksBuildPhase section */

/* Begin PBXGroup section */
		6DDEC42E1804C513009A210E = {
			isa = PBXGroup;
			children = (
				6DDEC4421804C513009A210E /* Project */,
				6DDEC45F1804C513009A210E /* ProjectTests */,
				6DDEC4391804C513009A210E /* Frameworks */,
				6DDEC4381804C513009A210E /* Products */,
			);
			sourceTree = "<group>";
		};
		6DDEC4381804C513009A210E /* Products */ = {
			isa = PBXGroup;
			children = (
				6DDEC4371804C513009A210E /* Project.app */,
				6DDEC4571804C513009A210E /* ProjectTests.xctest */,
			);
			name = Products;
			sourceTree = "<group>";
		};
		6DDEC4391804C513009A210E /* Frameworks */ = {
			isa = PBXGroup;
			children = (
				6DDEC43A1804C513009A210E /* Foundation.framework */,
				6DDEC43C1804C513009A210E /* CoreGraphics.framework */,
				6DDEC43E1804C513009A210E /* UIKit.framework */,
				6DDEC4401804C513009A210E /* CoreData.framework */,
				6DDEC4581804C513009A210E /* XCTest.framework */,
			);
			name = Frameworks;
			sourceTree = "<group>";
		};
		6DDEC4421804C513009A210E /* Project */ = {
			isa = PBXGroup;
			children = (
				6DDEC44B1804C513009A210E /* AppDelegate.h */,
				6DDEC44C1804C513009A210E /* AppDelegate.m */,
				6DDEC4511804C513009A210E /* Images.xcassets */,
				6DDEC44E1804C513009A210E /* Project.xcdatamodeld */,
				6DDEC4431804C513009A210E /* Supporting Files */,
			);
			path = Project;
			sourceTree = "<group>";
		};
		6DDEC4431804C513009A210E /* Supporting Files */ = {
			isa = PBXGroup;
			children = (
				6DDEC4441804C513009A210E /* Project-Info.plist */,
				6DDEC4451804C513009A210E /* InfoPlist.strings */,
				6DDEC4481804C513009A210E /* main.m */,
				6DDEC44A1804C513009A210E /* Project-Prefix.pch */,
			);
			name = "Supporting Files";
			sourceTree = "<group>";
		};
		6DDEC45F1804C513009A210E /* ProjectTests */ = {
			isa = PBXGroup;
			children = (
				6DDEC4651804C513009A210E /* ProjectTests.m */,
				6DDEC4601804C513009A210E /* Supporting Files */,
			);
			path = ProjectTests;
			sourceTree = "<group>";
		};
		6DDEC4601804C513009A210E /* Supporting Files */ = {
			isa = PBXGroup;
			children = (
				6DDEC4611804C513009A210E /* ProjectTests-Info.plist */,
				6DDEC4621804C513009A210E /* InfoPlist.strings */,
			);
			name = "Supporting Files";
			sourceTree = "<group>";
		};
/* End PBXGroup section */

/* Begin PBXNativeTarget section */
		6DDEC4361804C513009A210E /* Project */ = {
			isa = PBXNativeTarget;
			buildConfigurationList = 6DDEC4691804C513009A210E /* Build configuration list for PBXNativeTarget "Project" */;
			buildPhases = (
				6DDEC4331804C513009A210E /* Sources */,
				6DDEC4341804C513009A210E /* Frameworks */,
				6DDEC4351804C513009A210E /* Resources */,
			);
			buildRules = (
			);
			dependencies = (
			);
			name = Project;
			productName = Project;
			productReference = 6DDEC4371804C513009A210E /* Project.app */;
			productType = "com.apple.product-type.application";
		};
		6DDEC4561804C513009A210E /* ProjectTests */ = {
			isa = PBXNativeTarget;
			buildConfigurationList = 6DDEC46C1804C513009A210E /* Build configuration list for PBXNativeTarget "ProjectTests" */;
			buildPhases = (
				6DDEC4531804C513009A210E /* Sources */,
				6DDEC4541804C513009A210E /* Frameworks */,
				6DDEC4551804C513009A210E /* Resources */,
			);
			buildRules = (
			);
			dependencies = (
				6DDEC45E1804C513009A210E /* PBXTargetDependency */,
			);
			name = ProjectTests;
			productName = ProjectTests;
			productReference = 6DDEC4571804C513009A210E /* ProjectTests.xctest */;
			productType = "com.apple.product-type.bundle.unit-test";
		};
/* End PBXNativeTarget section */

/* Begin PBXProject section */
		6DDEC42F1804C513009A210E /* Project object */ = {
			isa = PBXProject;
			attributes = {
				LastUpgradeCheck = 0500;
				ORGANIZATIONNAME = "Bosko Petreski";
				TargetAttributes = {
					6DDEC4561804C513009A210E = {
						TestTargetID = 6DDEC4361804C513009A210E;
					};
				};
			};
			buildConfigurationList = 6DDEC4321804C513009A210E /* Build configuration list for PBXProject "Project" */;
			compatibilityVersion = "Xcode 3.2";
			developmentRegion = English;
			hasScannedForEncodings = 0;
			knownRegions = (
				en,
			);
			mainGroup = 6DDEC42E1804C513009A210E;
			productRefGroup = 6DDEC4381804C513009A210E /* Products */;
			projectDirPath = "";
			projectRoot = "";
			targets = (
				6DDEC4361804C513009A210E /* Project */,
				6DDEC4561804C513009A210E /* ProjectTests */,
			);
		};
/* End PBXProject section */

/* Begin PBXResourcesBuildPhase section */
		6DDEC4351804C513009A210E /* Resources */ = {
			isa = PBXResourcesBuildPhase;
			buildActionMask = 2147483647;
			files = (
				6DDEC4471804C513009A210E /* InfoPlist.strings in Resources */,
				6DDEC4521804C513009A210E /* Images.xcassets in Resources */,
			);
			runOnlyForDeploymentPostprocessing = 0;
		};
		6DDEC4551804C513009A210E /* Resources */ = {
			isa = PBXResourcesBuildPhase;
			buildActionMask = 2147483647;
			files = (
				6DDEC4641804C513009A210E /* InfoPlist.strings in Resources */,
			);
			runOnlyForDeploymentPostprocessing = 0;
		};
/* End PBXResourcesBuildPhase section */

/* Begin PBXSourcesBuildPhase section */
		6DDEC4331804C513009A210E /* Sources */ = {
			isa = PBXSourcesBuildPhase;
			buildActionMask = 2147483647;
			files = (
				6DDEC44D1804C513009A210E /* AppDelegate.m in Sources */,
				6DDEC4501804C513009A210E /* Project.xcdatamodeld in Sources */,
				6DDEC4491804C513009A210E /* main.m in Sources */,
			);
			runOnlyForDeploymentPostprocessing = 0;
		};
		6DDEC4531804C513009A210E /* Sources */ = {
			isa = PBXSourcesBuildPhase;
			buildActionMask = 2147483647;
			files = (
				6DDEC4661804C513009A210E /* ProjectTests.m in Sources */,
			);
			runOnlyForDeploymentPostprocessing = 0;
		};
/* End PBXSourcesBuildPhase section */

/* Begin PBXTargetDependency section */
		6DDEC45E1804C513009A210E /* PBXTargetDependency */ = {
			isa = PBXTargetDependency;
			target = 6DDEC4361804C513009A210E /* Project */;
			targetProxy = 6DDEC45D1804C513009A210E /* PBXContainerItemProxy */;
		};
/* End PBXTargetDependency section */

/* Begin PBXVariantGroup section */
		6DDEC4451804C513009A210E /* InfoPlist.strings */ = {
			isa = PBXVariantGroup;
			children = (
				6DDEC4461804C513009A210E /* en */,
			);
			name = InfoPlist.strings;
			sourceTree = "<group>";
		};
		6DDEC4621804C513009A210E /* InfoPlist.strings */ = {
			isa = PBXVariantGroup;
			children = (
				6DDEC4631804C513009A210E /* en */,
			);
			name = InfoPlist.strings;
			sourceTree = "<group>";
		};
/* End PBXVariantGroup section */

/* Begin XCBuildConfiguration section */
		6DDEC4671804C513009A210E /* Debug */ = {
			isa = XCBuildConfiguration;
			buildSettings = {
				ALWAYS_SEARCH_USER_PATHS = NO;
				ARCHS = "$(ARCHS_STANDARD_INCLUDING_64_BIT)";
				CLANG_CXX_LANGUAGE_STANDARD = "gnu++0x";
				CLANG_CXX_LIBRARY = "libc++";
				CLANG_ENABLE_MODULES = YES;
				CLANG_ENABLE_OBJC_ARC = YES;
				CLANG_WARN_BOOL_CONVERSION = YES;
				CLANG_WARN_CONSTANT_CONVERSION = YES;
				CLANG_WARN_DIRECT_OBJC_ISA_USAGE = YES_ERROR;
				CLANG_WARN_EMPTY_BODY = YES;
				CLANG_WARN_ENUM_CONVERSION = YES;
				CLANG_WARN_INT_CONVERSION = YES;
				CLANG_WARN_OBJC_ROOT_CLASS = YES_ERROR;
				CLANG_WARN__DUPLICATE_METHOD_MATCH = YES;
				"CODE_SIGN_IDENTITY[sdk=iphoneos*]" = "iPhone Developer";
				COPY_PHASE_STRIP = NO;
				GCC_C_LANGUAGE_STANDARD = gnu99;
				GCC_DYNAMIC_NO_PIC = NO;
				GCC_OPTIMIZATION_LEVEL = 0;
				GCC_PREPROCESSOR_DEFINITIONS = (
					"DEBUG=1",
					"$(inherited)",
				);
				GCC_SYMBOLS_PRIVATE_EXTERN = NO;
				GCC_WARN_64_TO_32_BIT_CONVERSION = YES;
				GCC_WARN_ABOUT_RETURN_TYPE = YES_ERROR;
				GCC_WARN_UNDECLARED_SELECTOR = YES;
				GCC_WARN_UNINITIALIZED_AUTOS = YES;
				GCC_WARN_UNUSED_FUNCTION = YES;
				GCC_WARN_UNUSED_VARIABLE = YES;
				IPHONEOS_DEPLOYMENT_TARGET = 7.0;
				ONLY_ACTIVE_ARCH = YES;
				SDKROOT = iphoneos;
				TARGETED_DEVICE_FAMILY = "1,2";
			};
			name = Debug;
		};
		6DDEC4681804C513009A210E /* Release */ = {
			isa = XCBuildConfiguration;
			buildSettings = {
				ALWAYS_SEARCH_USER_PATHS = NO;
				ARCHS = "$(ARCHS_STANDARD_INCLUDING_64_BIT)";
				CLANG_CXX_LANGUAGE_STANDARD = "gnu++0x";
				CLANG_CXX_LIBRARY = "libc++";
				CLANG_ENABLE_MODULES = YES;
				CLANG_ENABLE_OBJC_ARC = YES;
				CLANG_WARN_BOOL_CONVERSION = YES;
				CLANG_WARN_CONSTANT_CONVERSION = YES;
				CLANG_WARN_DIRECT_OBJC_ISA_USAGE = YES_ERROR;
				CLANG_WARN_EMPTY_BODY = YES;
				CLANG_WARN_ENUM_CONVERSION = YES;
				CLANG_WARN_INT_CONVERSION = YES;
				CLANG_WARN_OBJC_ROOT_CLASS = YES_ERROR;
				CLANG_WARN__DUPLICATE_METHOD_MATCH = YES;
				"CODE_SIGN_IDENTITY[sdk=iphoneos*]" = "iPhone Developer";
				COPY_PHASE_STRIP = YES;
				ENABLE_NS_ASSERTIONS = NO;
				GCC_C_LANGUAGE_STANDARD = gnu99;
				GCC_WARN_64_TO_32_BIT_CONVERSION = YES;
				GCC_WARN_ABOUT_RETURN_TYPE = YES_ERROR;
				GCC_WARN_UNDECLARED_SELECTOR = YES;
				GCC_WARN_UNINITIALIZED_AUTOS = YES;
				GCC_WARN_UNUSED_FUNCTION = YES;
				GCC_WARN_UNUSED_VARIABLE = YES;
				IPHONEOS_DEPLOYMENT_TARGET = 7.0;
				SDKROOT = iphoneos;
				TARGETED_DEVICE_FAMILY = "1,2";
				VALIDATE_PRODUCT = YES;
			};
			name = Release;
		};
		6DDEC46A1804C513009A210E /* Debug */ = {
			isa = XCBuildConfiguration;
			buildSettings = {
				ASSETCATALOG_COMPILER_APPICON_NAME = AppIcon;
				ASSETCATALOG_COMPILER_LAUNCHIMAGE_NAME = LaunchImage;
				GCC_PRECOMPILE_PREFIX_HEADER = YES;
				GCC_PREFIX_HEADER = "Project/Project-Prefix.pch";
				INFOPLIST_FILE = "Project/Project-Info.plist";
				PRODUCT_NAME = "$(TARGET_NAME)";
				WRAPPER_EXTENSION = app;
			};
			name = Debug;
		};
		6DDEC46B1804C513009A210E /* Release */ = {
			isa = XCBuildConfiguration;
			buildSettings = {
				ASSETCATALOG_COMPILER_APPICON_NAME = AppIcon;
				ASSETCATALOG_COMPILER_LAUNCHIMAGE_NAME = LaunchImage;
				GCC_PRECOMPILE_PREFIX_HEADER = YES;
				GCC_PREFIX_HEADER = "Project/Project-Prefix.pch";
				INFOPLIST_FILE = "Project/Project-Info.plist";
				PRODUCT_NAME = "$(TARGET_NAME)";
				WRAPPER_EXTENSION = app;
			};
			name = Release;
		};
		6DDEC46D1804C513009A210E /* Debug */ = {
			isa = XCBuildConfiguration;
			buildSettings = {
				ARCHS = "$(ARCHS_STANDARD_INCLUDING_64_BIT)";
				BUNDLE_LOADER = "$(BUILT_PRODUCTS_DIR)/Project.app/Project";
				FRAMEWORK_SEARCH_PATHS = (
					"$(SDKROOT)/Developer/Library/Frameworks",
					"$(inherited)",
					"$(DEVELOPER_FRAMEWORKS_DIR)",
				);
				GCC_PRECOMPILE_PREFIX_HEADER = YES;
				GCC_PREFIX_HEADER = "Project/Project-Prefix.pch";
				GCC_PREPROCESSOR_DEFINITIONS = (
					"DEBUG=1",
					"$(inherited)",
				);
				INFOPLIST_FILE = "ProjectTests/ProjectTests-Info.plist";
				PRODUCT_NAME = "$(TARGET_NAME)";
				TEST_HOST = "$(BUNDLE_LOADER)";
				WRAPPER_EXTENSION = xctest;
			};
			name = Debug;
		};
		6DDEC46E1804C513009A210E /* Release */ = {
			isa = XCBuildConfiguration;
			buildSettings = {
				ARCHS = "$(ARCHS_STANDARD_INCLUDING_64_BIT)";
				BUNDLE_LOADER = "$(BUILT_PRODUCTS_DIR)/Project.app/Project";
				FRAMEWORK_SEARCH_PATHS = (
					"$(SDKROOT)/Developer/Library/Frameworks",
					"$(inherited)",
					"$(DEVELOPER_FRAMEWORKS_DIR)",
				);
				GCC_PRECOMPILE_PREFIX_HEADER = YES;
				GCC_PREFIX_HEADER = "Project/Project-Prefix.pch";
				INFOPLIST_FILE = "ProjectTests/ProjectTests-Info.plist";
				PRODUCT_NAME = "$(TARGET_NAME)";
				TEST_HOST = "$(BUNDLE_LOADER)";
				WRAPPER_EXTENSION = xctest;
			};
			name = Release;
		};
/* End XCBuildConfiguration section */

/* Begin XCConfigurationList section */
		6DDEC4321804C513009A210E /* Build configuration list for PBXProject "Project" */ = {
			isa = XCConfigurationList;
			buildConfigurations = (
				6DDEC4671804C513009A210E /* Debug */,
				6DDEC4681804C513009A210E /* Release */,
			);
			defaultConfigurationIsVisible = 0;
			defaultConfigurationName = Release;
		};
		6DDEC4691804C513009A210E /* Build configuration list for PBXNativeTarget "Project" */ = {
			isa = XCConfigurationList;
			buildConfigurations = (
				6DDEC46A1804C513009A210E /* Debug */,
				6DDEC46B1804C513009A210E /* Release */,
			);
			defaultConfigurationIsVisible = 0;
		};
		6DDEC46C1804C513009A210E /* Build configuration list for PBXNativeTarget "ProjectTests" */ = {
			isa = XCConfigurationList;
			buildConfigurations = (
				6DDEC46D1804C513009A210E /* Debug */,
				6DDEC46E1804C513009A210E /* Release */,
			);
			defaultConfigurationIsVisible = 0;
		};
/* End XCConfigurationList section */

/* Begin XCVersionGroup section */
		6DDEC44E1804C513009A210E /* Project.xcdatamodeld */ = {
			isa = XCVersionGroup;
			children = (
				6DDEC44F1804C513009A210E /* Project.xcdatamodel */,
			);
			currentVersion = 6DDEC44F1804C513009A210E /* Project.xcdatamodel */;
			path = Project.xcdatamodeld;
			sourceTree = "<group>";
			versionGroupType = wrapper.xcdatamodel;
		};
/* End XCVersionGroup section */
	};
	rootObject = 6DDEC42F1804C513009A210E /* Project object */;
}
